
Microsoft Visual Studio Solution File, Format Version 12.00
# Visual Studio 15
VisualStudioVersion = 15.0.28307.852
MinimumVisualStudioVersion = 10.0.40219.1
Project("{2150E333-8FDC-42A3-9474-1A3956D46DE8}") = "UI", "UI", "{FF4780FC-9DE2-4A48-8E14-F782CC9C634D}"
EndProject
Project("{2150E333-8FDC-42A3-9474-1A3956D46DE8}") = "BLL", "BLL", "{9406C87D-AA0E-44DF-831C-4E08A9F60350}"
EndProject
Project("{2150E333-8FDC-42A3-9474-1A3956D46DE8}") = "DAL", "DAL", "{737498BD-CF0E-4BD2-B38B-31B86F2D923F}"
EndProject
Project("{2150E333-8FDC-42A3-9474-1A3956D46DE8}") = "Model", "Model", "{3B36836C-56DE-4BC5-B8F6-E63F1633AB15}"
EndProject
Project("{FAE04EC0-301F-11D3-BF4B-00C04F79EFBC}") = "Company.BLL", "Company.BLL\Company.BLL.csproj", "{5BD244AB-E238-47FE-8804-0E346FF76509}"
EndProject
Project("{FAE04EC0-301F-11D3-BF4B-00C04F79EFBC}") = "Company.IBLL", "Company.IBLL\Company.IBLL.csproj", "{F8E2BF47-93FE-458B-B313-D7D7071FB6BB}"
EndProject
Project("{FAE04EC0-301F-11D3-BF4B-00C04F79EFBC}") = "Company.BLLContainer", "Company.BLLContainer\Company.BLLContainer.csproj", "{D8281C46-14F6-4B15-9978-49F9C9115282}"
EndProject
Project("{FAE04EC0-301F-11D3-BF4B-00C04F79EFBC}") = "Company.DAL", "Company.DAL\Company.DAL.csproj", "{7C5F2BDF-0843-45AE-B686-5BBAF0A60903}"
EndProject
Project("{FAE04EC0-301F-11D3-BF4B-00C04F79EFBC}") = "Company.IDAL", "Company.IDAL\Company.IDAL.csproj", "{1B9B3B76-405F-46F4-BB70-C7089BC49CB3}"
EndProject
Project("{FAE04EC0-301F-11D3-BF4B-00C04F79EFBC}") = "Company.DALContainer", "Company.DALContainer\Company.DALContainer.csproj", "{335F6D0E-B281-4BC3-84FD-4F66ED8CB830}"
EndProject
Project("{FAE04EC0-301F-11D3-BF4B-00C04F79EFBC}") = "Company.Model", "Company.Model\Company.Model.csproj", "{75A757FC-6D62-4398-9CE3-06681A9C1B00}"
EndProject
Project("{FAE04EC0-301F-11D3-BF4B-00C04F79EFBC}") = "Company.UI", "Company.UI\Company.UI.csproj", "{F6838231-5008-4CC5-B709-4CBEF10886A3}"
EndProject
Global
	GlobalSection(SolutionConfigurationPlatforms) = preSolution
		Debug|Any CPU = Debug|Any CPU
		Release|Any CPU = Release|Any CPU
	EndGlobalSection
	GlobalSection(ProjectConfigurationPlatforms) = postSolution
		{5BD244AB-E238-47FE-8804-0E346FF76509}.Debug|Any CPU.ActiveCfg = Debug|Any CPU
		{5BD244AB-E238-47FE-8804-0E346FF76509}.Debug|Any CPU.Build.0 = Debug|Any CPU
		{5BD244AB-E238-47FE-8804-0E346FF76509}.Release|Any CPU.ActiveCfg = Release|Any CPU
		{5BD244AB-E238-47FE-8804-0E346FF76509}.Release|Any CPU.Build.0 = Release|Any CPU
		{F8E2BF47-93FE-458B-B313-D7D7071FB6BB}.Debug|Any CPU.ActiveCfg = Debug|Any CPU
		{F8E2BF47-93FE-458B-B313-D7D7071FB6BB}.Debug|Any CPU.Build.0 = Debug|Any CPU
		{F8E2BF47-93FE-458B-B313-D7D7071FB6BB}.Release|Any CPU.ActiveCfg = Release|Any CPU
		{F8E2BF47-93FE-458B-B313-D7D7071FB6BB}.Release|Any CPU.Build.0 = Release|Any CPU
		{D8281C46-14F6-4B15-9978-49F9C9115282}.Debug|Any CPU.ActiveCfg = Debug|Any CPU
		{D8281C46-14F6-4B15-9978-49F9C9115282}.Debug|Any CPU.Build.0 = Debug|Any CPU
		{D8281C46-14F6-4B15-9978-49F9C9115282}.Release|Any CPU.ActiveCfg = Release|Any CPU
		{D8281C46-14F6-4B15-9978-49F9C9115282}.Release|Any CPU.Build.0 = Release|Any CPU
		{7C5F2BDF-0843-45AE-B686-5BBAF0A60903}.Debug|Any CPU.ActiveCfg = Debug|Any CPU
		{7C5F2BDF-0843-45AE-B686-5BBAF0A60903}.Debug|Any CPU.Build.0 = Debug|Any CPU
		{7C5F2BDF-0843-45AE-B686-5BBAF0A60903}.Release|Any CPU.ActiveCfg = Release|Any CPU
		{7C5F2BDF-0843-45AE-B686-5BBAF0A60903}.Release|Any CPU.Build.0 = Release|Any CPU
		{1B9B3B76-405F-46F4-BB70-C7089BC49CB3}.Debug|Any CPU.ActiveCfg = Debug|Any CPU
		{1B9B3B76-405F-46F4-BB70-C7089BC49CB3}.Debug|Any CPU.Build.0 = Debug|Any CPU
		{1B9B3B76-405F-46F4-BB70-C7089BC49CB3}.Release|Any CPU.ActiveCfg = Release|Any CPU
		{1B9B3B76-405F-46F4-BB70-C7089BC49CB3}.Release|Any CPU.Build.0 = Release|Any CPU
		{335F6D0E-B281-4BC3-84FD-4F66ED8CB830}.Debug|Any CPU.ActiveCfg = Debug|Any CPU
		{335F6D0E-B281-4BC3-84FD-4F66ED8CB830}.Debug|Any CPU.Build.0 = Debug|Any CPU
		{335F6D0E-B281-4BC3-84FD-4F66ED8CB830}.Release|Any CPU.ActiveCfg = Release|Any CPU
		{335F6D0E-B281-4BC3-84FD-4F66ED8CB830}.Release|Any CPU.Build.0 = Release|Any CPU
		{75A757FC-6D62-4398-9CE3-06681A9C1B00}.Debug|Any CPU.ActiveCfg = Debug|Any CPU
		{75A757FC-6D62-4398-9CE3-06681A9C1B00}.Debug|Any CPU.Build.0 = Debug|Any CPU
		{75A757FC-6D62-4398-9CE3-06681A9C1B00}.Release|Any CPU.ActiveCfg = Release|Any CPU
		{75A757FC-6D62-4398-9CE3-06681A9C1B00}.Release|Any CPU.Build.0 = Release|Any CPU
		{F6838231-5008-4CC5-B709-4CBEF10886A3}.Debug|Any CPU.ActiveCfg = Debug|Any CPU
		{F6838231-5008-4CC5-B709-4CBEF10886A3}.Debug|Any CPU.Build.0 = Debug|Any CPU
		{F6838231-5008-4CC5-B709-4CBEF10886A3}.Release|Any CPU.ActiveCfg = Release|Any CPU
		{F6838231-5008-4CC5-B709-4CBEF10886A3}.Release|Any CPU.Build.0 = Release|Any CPU
	EndGlobalSection
	GlobalSection(SolutionProperties) = preSolution
		HideSolutionNode = FALSE
	EndGlobalSection
	GlobalSection(NestedProjects) = preSolution
		{5BD244AB-E238-47FE-8804-0E346FF76509} = {9406C87D-AA0E-44DF-831C-4E08A9F60350}
		{F8E2BF47-93FE-458B-B313-D7D7071FB6BB} = {9406C87D-AA0E-44DF-831C-4E08A9F60350}
		{D8281C46-14F6-4B15-9978-49F9C9115282} = {9406C87D-AA0E-44DF-831C-4E08A9F60350}
		{7C5F2BDF-0843-45AE-B686-5BBAF0A60903} = {737498BD-CF0E-4BD2-B38B-31B86F2D923F}
		{1B9B3B76-405F-46F4-BB70-C7089BC49CB3} = {737498BD-CF0E-4BD2-B38B-31B86F2D923F}
		{335F6D0E-B281-4BC3-84FD-4F66ED8CB830} = {737498BD-CF0E-4BD2-B38B-31B86F2D923F}
		{75A757FC-6D62-4398-9CE3-06681A9C1B00} = {3B36836C-56DE-4BC5-B8F6-E63F1633AB15}
		{F6838231-5008-4CC5-B709-4CBEF10886A3} = {FF4780FC-9DE2-4A48-8E14-F782CC9C634D}
	EndGlobalSection
	GlobalSection(ExtensibilityGlobals) = postSolution
		SolutionGuid = {EDBAB47C-3EB5-4D34-B2D9-D1DFD27552D4}
	EndGlobalSection
EndGlobal
